
Microsoft Visual Studio Solution File, Format Version 12.00
# Visual Studio Version 16
VisualStudioVersion = 16.0.30717.126
MinimumVisualStudioVersion = 10.0.40219.1
Project("{FAE04EC0-301F-11D3-BF4B-00C04F79EFBC}") = "Blackjack", "Blackjack\Blackjack.csproj", "{70BE2B6F-44F2-4A62-ACD8-B7313D168F28}"
EndProject
Global
	GlobalSection(SolutionConfigurationPlatforms) = preSolution
		Debug|Any CPU = Debug|Any CPU
		Release|Any CPU = Release|Any CPU
	EndGlobalSection
	GlobalSection(ProjectConfigurationPlatforms) = postSolution
		{70BE2B6F-44F2-4A62-ACD8-B7313D168F28}.Debug|Any CPU.ActiveCfg = Debug|Any CPU
		{70BE2B6F-44F2-4A62-ACD8-B7313D168F28}.Debug|Any CPU.Build.0 = Debug|Any CPU
		{70BE2B6F-44F2-4A62-ACD8-B7313D168F28}.Release|Any CPU.ActiveCfg = Release|Any CPU
		{70BE2B6F-44F2-4A62-ACD8-B7313D168F28}.Release|Any CPU.Build.0 = Release|Any CPU
	EndGlobalSection
	GlobalSection(SolutionProperties) = preSolution
		HideSolutionNode = FALSE
	EndGlobalSection
	GlobalSection(ExtensibilityGlobals) = postSolution
		SolutionGuid = {83D37707-A0AB-40F4-8E58-3F8FE4E2D031}
	EndGlobalSection
EndGlobal
